
Microsoft Visual Studio Solution File, Format Version 12.00
# Visual Studio Version 16
VisualStudioVersion = 16.0.31911.196
MinimumVisualStudioVersion = 10.0.40219.1
Project("{888888A0-9F3D-457C-B088-3A5042F75D52}") = "top_500", "top_500.pyproj", "{F3EEF286-CA61-4E7E-BB72-8BA711812179}"
EndProject
Global
	GlobalSection(SolutionConfigurationPlatforms) = preSolution
		Debug|Any CPU = Debug|Any CPU
		Release|Any CPU = Release|Any CPU
	EndGlobalSection
	GlobalSection(ProjectConfigurationPlatforms) = postSolution
		{F3EEF286-CA61-4E7E-BB72-8BA711812179}.Debug|Any CPU.ActiveCfg = Debug|Any CPU
		{F3EEF286-CA61-4E7E-BB72-8BA711812179}.Release|Any CPU.ActiveCfg = Release|Any CPU
	EndGlobalSection
	GlobalSection(SolutionProperties) = preSolution
		HideSolutionNode = FALSE
	EndGlobalSection
	GlobalSection(ExtensibilityGlobals) = postSolution
		SolutionGuid = {A3AFB615-8DE6-495A-93F9-8BB9F7C482D7}
	EndGlobalSection
EndGlobal
